
Microsoft Visual Studio Solution File, Format Version 12.00
# Visual Studio 15
VisualStudioVersion = 15.0.27428.1
MinimumVisualStudioVersion = 10.0.40219.1
Project("{8BC9CEB8-8B4A-11D0-8D11-00A0C91BC942}") = "Diskriminant", "Diskriminant\Diskriminant.vcxproj", "{0C34BB83-C2FA-4041-A3D4-46F855B97DAE}"
EndProject
Global
	GlobalSection(SolutionConfigurationPlatforms) = preSolution
		Debug|x64 = Debug|x64
		Debug|x86 = Debug|x86
		Release|x64 = Release|x64
		Release|x86 = Release|x86
	EndGlobalSection
	GlobalSection(ProjectConfigurationPlatforms) = postSolution
		{0C34BB83-C2FA-4041-A3D4-46F855B97DAE}.Debug|x64.ActiveCfg = Debug|x64
		{0C34BB83-C2FA-4041-A3D4-46F855B97DAE}.Debug|x64.Build.0 = Debug|x64
		{0C34BB83-C2FA-4041-A3D4-46F855B97DAE}.Debug|x86.ActiveCfg = Debug|Win32
		{0C34BB83-C2FA-4041-A3D4-46F855B97DAE}.Debug|x86.Build.0 = Debug|Win32
		{0C34BB83-C2FA-4041-A3D4-46F855B97DAE}.Release|x64.ActiveCfg = Release|x64
		{0C34BB83-C2FA-4041-A3D4-46F855B97DAE}.Release|x64.Build.0 = Release|x64
		{0C34BB83-C2FA-4041-A3D4-46F855B97DAE}.Release|x86.ActiveCfg = Release|Win32
		{0C34BB83-C2FA-4041-A3D4-46F855B97DAE}.Release|x86.Build.0 = Release|Win32
	EndGlobalSection
	GlobalSection(SolutionProperties) = preSolution
		HideSolutionNode = FALSE
	EndGlobalSection
	GlobalSection(ExtensibilityGlobals) = postSolution
		SolutionGuid = {27A4CCF2-F489-48B7-8EFC-745DD9E4815F}
	EndGlobalSection
EndGlobal
